[[dependencies]]
name = "@openzeppelin-contracts"
version = "4.9.2"
url = "https://soldeer-revisions.s3.amazonaws.com/@openzeppelin-contracts/4_9_2_22-01-2024_13:13:52_contracts.zip"
checksum = "0f4450671798ea5659e6391876a3cf443ca50a696d9b556ac622ec7660bce306"
integrity = "f69bd90f264280204b2a1172a02a2d20f3611f5993a61e5215647bec696a8420"

[[dependencies]]
name = "@openzeppelin-contracts-upgradeable"
version = "4.9.2"
url = "https://soldeer-revisions.s3.amazonaws.com/@openzeppelin-contracts-upgradeable/4_9_2_22-01-2024_13:15:04_contracts-upgradeable.zip"
checksum = "33a161bf7799dcac1475d2470615b56a8f9a9387cb8eef921b49816dbbc61c2b"
integrity = "93ffee03edd3f6b0cad1830d6cb1937c5c870fab9eccaaeabbf1b752c6d4e8f1"

[[dependencies]]
name = "@uniswap-v2-core"
version = "1.0.1"
url = "https://soldeer-revisions.s3.amazonaws.com/@uniswap-v2-core/1_0_1_22-01-2024_13:18:30_v2-core.zip"
checksum = "efebb89237048771c19f52d3ce87ec4d0c591279bf1977c49f9e70e5fff530f0"
integrity = "fda4e18a2a0c21eeddd8b6af36439f394e4ff74eb75705409a87b8952c9e2972"

[[dependencies]]
name = "@uniswap-v2-periphery"
version = "1.0.1"
git = "git@github.com:Axis-Fi/uniswap-v2-periphery.git"
rev = "19be650786731dfe43cac3aac7a2d1f0731d18e2"

[[dependencies]]
name = "@uniswap-v3-core"
version = "1.0.1-solc-0.8-simulate"
url = "https://soldeer-revisions.s3.amazonaws.com/@uniswap-v3-core/1_0_1-solc-0_8-simulate_22-01-2024_13:19:52_v3-core.zip"
checksum = "566fc479fe846f41b211a0ddd66f875cd37e2ccb86b3fc4f7fa18bd55266ec7d"
integrity = "75f26f8cb2cd8179eace9cdc4b248fa75faae799fc19c3e5a1f8f1b9d58d3188"

[[dependencies]]
name = "@uniswap-v3-periphery"
version = "1.4.2-solc-0.8"
git = "git@github.com:Uniswap/v3-periphery.git"
rev = "b325bb0905d922ae61fcc7df85ee802e8df5e96c"

[[dependencies]]
name = "axis-core"
version = "1.0.1"
url = "https://soldeer-revisions.s3.amazonaws.com/axis-core/1_0_1_22-08-2024_01:53:20_axis-core.zip"
checksum = "90ee8eca451f4454ad911c52d014bebbbacc3e0ba2260ad19e56e32598ea9d21"
integrity = "381ce84e3d947c891a53aa651a59328bdcba27534116bf5c55f57833a5603962"

[[dependencies]]
name = "clones-with-immutable-args"
version = "1.1.1"
git = "git@github.com:wighawag/clones-with-immutable-args.git"
rev = "f5ca191afea933d50a36d101009b5644dc28bc99"

[[dependencies]]
name = "forge-std"
version = "1.9.1"
url = "https://soldeer-revisions.s3.amazonaws.com/forge-std/v1_9_1_03-07-2024_14:44:59_forge-std-v1.9.1.zip"
checksum = "110b35ad3604d91a919c521c71206c18cd07b29c750bd90b5cbbaf37288c9636"
integrity = "389f8bfe6b6aad01915b1e38e6d4839f8189e8d4792b42be4e10d0a96a358e3f"

[[dependencies]]
name = "g-uni-v1-core"
version = "0.9.9"
git = "git@github.com:Axis-Fi/g-uni-v1-core.git"
rev = "d6bcb6e811e86d36bc836c002eb2e9a2c73d29ca"

[[dependencies]]
name = "solady"
version = "0.0.124"
url = "https://soldeer-revisions.s3.amazonaws.com/solady/0_0_124_22-01-2024_13:28:04_solady.zip"
checksum = "9342385eaad08f9bb5408be0b41b241dd2b974c001f7da8c3b1ac552b52ce16b"
integrity = "29d93e52694d8e858cf5a737257f4a6f21aefccaf803174fd00b9d686172ab27"

[[dependencies]]
name = "solmate"
version = "6.7.0"
git = "git@github.com:transmissions11/solmate.git"
rev = "c892309933b25c03d32b1b0d674df7ae292ba925"
